{
  "name": "pqc-mockup",
  "lockfileVersion": 3,
  "requires": true,
  "packages": {
    "": {
      "dependencies": {
        "@noble/post-quantum": "^0.4.0"
      }
    },
    "node_modules/@noble/hashes": {
      "version": "1.7.1",
      "resolved": "https://registry.npmjs.org/@noble/hashes/-/hashes-1.7.1.tgz",
      "integrity": "sha512-B8XBPsn4vT/KJAGqDzbwztd+6Yte3P4V7iafm24bxgDe/mlRuK6xmWPuCNrKt2vDafZ8MfJLlchDG/vYafQEjQ==",
      "license": "MIT",
      "engines": {
        "node": "^14.21.3 || >=16"
      },
      "funding": {
        "url": "https://paulmillr.com/funding/"
      }
    },
    "node_modules/@noble/post-quantum": {
      "version": "0.4.0",
      "resolved": "https://registry.npmjs.org/@noble/post-quantum/-/post-quantum-0.4.0.tgz",
      "integrity": "sha512-pkTt+KEmgKWPo9/MbJtZRnX4AqNNZ5Ui6DwpKfr7WDSxP5b8pxf/SC1Nblzr8LHs+3gc+GEeUvq54u7zg1RHFw==",
      "license": "MIT",
      "dependencies": {
        "@noble/hashes": "1.7.1"
      },
      "funding": {
        "url": "https://paulmillr.com/funding/"
      }
    }
  }
}
